// !$*UTF8*$!
{
	archiveVersion = 1;
	classes = {
	};
	objectVersion = 56;
	objects = {

/* Begin PBXBuildFile section */
		FA63C70D2D5E763800B84235 /* FullScreenImageViewController.swift in Sources */ = {isa = PBXBuildFile; fileRef = FA63C70C2D5E763800B84235 /* FullScreenImageViewController.swift */; };
		FABD5FD52D5D0C1500BCEC74 /* GameCell.swift in Sources */ = {isa = PBXBuildFile; fileRef = FABD5FD42D5D0C1400BCEC74 /* GameCell.swift */; };
		FABD5FD72D5E158000BCEC74 /* AboutViewController.swift in Sources */ = {isa = PBXBuildFile; fileRef = FABD5FD62D5E158000BCEC74 /* AboutViewController.swift */; };
		FABD5FD92D5E213300BCEC74 /* PrivacyPolicyViewControlle.swift in Sources */ = {isa = PBXBuildFile; fileRef = FABD5FD82D5E213200BCEC74 /* PrivacyPolicyViewControlle.swift */; };
		FABD5FDB2D5E32F600BCEC74 /* TermsConditionsViewController.swift in Sources */ = {isa = PBXBuildFile; fileRef = FABD5FDA2D5E32F600BCEC74 /* TermsConditionsViewController.swift */; };
		FABE7B782D5CB2E3009C7A96 /* AppDelegate.swift in Sources */ = {isa = PBXBuildFile; fileRef = FABE7B772D5CB2E3009C7A96 /* AppDelegate.swift */; };
		FABE7B7A2D5CB2E3009C7A96 /* SceneDelegate.swift in Sources */ = {isa = PBXBuildFile; fileRef = FABE7B792D5CB2E3009C7A96 /* SceneDelegate.swift */; };
		FABE7B7C2D5CB2E3009C7A96 /* GalleryViewController.swift in Sources */ = {isa = PBXBuildFile; fileRef = FABE7B7B2D5CB2E3009C7A96 /* GalleryViewController.swift */; };
		FABE7B7F2D5CB2E3009C7A96 /* Main.storyboard in Resources */ = {isa = PBXBuildFile; fileRef = FABE7B7D2D5CB2E3009C7A96 /* Main.storyboard */; };
		FABE7B812D5CB2E7009C7A96 /* Assets.xcassets in Resources */ = {isa = PBXBuildFile; fileRef = FABE7B802D5CB2E7009C7A96 /* Assets.xcassets */; };
		FABE7B842D5CB2E7009C7A96 /* LaunchScreen.storyboard in Resources */ = {isa = PBXBuildFile; fileRef = FABE7B822D5CB2E7009C7A96 /* LaunchScreen.storyboard */; };
/* End PBXBuildFile section */

/* Begin PBXFileReference section */
		FA63C70C2D5E763800B84235 /* FullScreenImageViewController.swift */ = {isa = PBXFileReference; lastKnownFileType = sourcecode.swift; path = FullScreenImageViewController.swift; sourceTree = "<group>"; };
		FABD5FD42D5D0C1400BCEC74 /* GameCell.swift */ = {isa = PBXFileReference; lastKnownFileType = sourcecode.swift; path = GameCell.swift; sourceTree = "<group>"; };
		FABD5FD62D5E158000BCEC74 /* AboutViewController.swift */ = {isa = PBXFileReference; lastKnownFileType = sourcecode.swift; path = AboutViewController.swift; sourceTree = "<group>"; };
		FABD5FD82D5E213200BCEC74 /* PrivacyPolicyViewControlle.swift */ = {isa = PBXFileReference; lastKnownFileType = sourcecode.swift; path = PrivacyPolicyViewControlle.swift; sourceTree = "<group>"; };
		FABD5FDA2D5E32F600BCEC74 /* TermsConditionsViewController.swift */ = {isa = PBXFileReference; lastKnownFileType = sourcecode.swift; path = TermsConditionsViewController.swift; sourceTree = "<group>"; };
		FABE7B742D5CB2E3009C7A96 /* Game Wallpapers.app */ = {isa = PBXFileReference; explicitFileType = wrapper.application; includeInIndex = 0; path = "Game Wallpapers.app"; sourceTree = BUILT_PRODUCTS_DIR; };
		FABE7B772D5CB2E3009C7A96 /* AppDelegate.swift */ = {isa = PBXFileReference; lastKnownFileType = sourcecode.swift; path = AppDelegate.swift; sourceTree = "<group>"; };
		FABE7B792D5CB2E3009C7A96 /* SceneDelegate.swift */ = {isa = PBXFileReference; lastKnownFileType = sourcecode.swift; path = SceneDelegate.swift; sourceTree = "<group>"; };
		FABE7B7B2D5CB2E3009C7A96 /* GalleryViewController.swift */ = {isa = PBXFileReference; lastKnownFileType = sourcecode.swift; path = GalleryViewController.swift; sourceTree = "<group>"; };
		FABE7B7E2D5CB2E3009C7A96 /* Base */ = {isa = PBXFileReference; lastKnownFileType = file.storyboard; name = Base; path = Base.lproj/Main.storyboard; sourceTree = "<group>"; };
		FABE7B802D5CB2E7009C7A96 /* Assets.xcassets */ = {isa = PBXFileReference; lastKnownFileType = folder.assetcatalog; path = Assets.xcassets; sourceTree = "<group>"; };
		FABE7B832D5CB2E7009C7A96 /* Base */ = {isa = PBXFileReference; lastKnownFileType = file.storyboard; name = Base; path = Base.lproj/LaunchScreen.storyboard; sourceTree = "<group>"; };
		FABE7B852D5CB2E7009C7A96 /* Info.plist */ = {isa = PBXFileReference; lastKnownFileType = text.plist.xml; path = Info.plist; sourceTree = "<group>"; };
/* End PBXFileReference section */

/* Begin PBXFrameworksBuildPhase section */
		FABE7B712D5CB2E3009C7A96 /* Frameworks */ = {
			isa = PBXFrameworksBuildPhase;
			buildActionMask = 2147483647;
			files = (
			);
			runOnlyForDeploymentPostprocessing = 0;
		};
/* End PBXFrameworksBuildPhase section */

/* Begin PBXGroup section */
		FABE7B6B2D5CB2E3009C7A96 = {
			isa = PBXGroup;
			children = (
				FABE7B762D5CB2E3009C7A96 /* Game Wallpapers */,
				FABE7B752D5CB2E3009C7A96 /* Products */,
			);
			sourceTree = "<group>";
		};
		FABE7B752D5CB2E3009C7A96 /* Products */ = {
			isa = PBXGroup;
			children = (
				FABE7B742D5CB2E3009C7A96 /* Game Wallpapers.app */,
			);
			name = Products;
			sourceTree = "<group>";
		};
		FABE7B762D5CB2E3009C7A96 /* Game Wallpapers */ = {
			isa = PBXGroup;
			children = (
				FABE7B772D5CB2E3009C7A96 /* AppDelegate.swift */,
				FABE7B792D5CB2E3009C7A96 /* SceneDelegate.swift */,
				FABE7B7B2D5CB2E3009C7A96 /* GalleryViewController.swift */,
				FABD5FD42D5D0C1400BCEC74 /* GameCell.swift */,
				FABD5FD62D5E158000BCEC74 /* AboutViewController.swift */,
				FA63C70C2D5E763800B84235 /* FullScreenImageViewController.swift */,
				FABD5FD82D5E213200BCEC74 /* PrivacyPolicyViewControlle.swift */,
				FABD5FDA2D5E32F600BCEC74 /* TermsConditionsViewController.swift */,
				FABE7B7D2D5CB2E3009C7A96 /* Main.storyboard */,
				FABE7B822D5CB2E7009C7A96 /* LaunchScreen.storyboard */,
				FABE7B802D5CB2E7009C7A96 /* Assets.xcassets */,
				FABE7B852D5CB2E7009C7A96 /* Info.plist */,
			);
			path = "Game Wallpapers";
			sourceTree = "<group>";
		};
/* End PBXGroup section */

/* Begin PBXNativeTarget section */
		FABE7B732D5CB2E3009C7A96 /* Game Wallpapers */ = {
			isa = PBXNativeTarget;
			buildConfigurationList = FABE7B882D5CB2E7009C7A96 /* Build configuration list for PBXNativeTarget "Game Wallpapers" */;
			buildPhases = (
				FABE7B702D5CB2E3009C7A96 /* Sources */,
				FABE7B712D5CB2E3009C7A96 /* Frameworks */,
				FABE7B722D5CB2E3009C7A96 /* Resources */,
			);
			buildRules = (
			);
			dependencies = (
			);
			name = "Game Wallpapers";
			productName = "Game Wallpapers";
			productReference = FABE7B742D5CB2E3009C7A96 /* Game Wallpapers.app */;
			productType = "com.apple.product-type.application";
		};
/* End PBXNativeTarget section */

/* Begin PBXProject section */
		FABE7B6C2D5CB2E3009C7A96 /* Project object */ = {
			isa = PBXProject;
			attributes = {
				BuildIndependentTargetsInParallel = 1;
				LastSwiftUpdateCheck = 1510;
				LastUpgradeCheck = 1510;
				TargetAttributes = {
					FABE7B732D5CB2E3009C7A96 = {
						CreatedOnToolsVersion = 15.1;
					};
				};
			};
			buildConfigurationList = FABE7B6F2D5CB2E3009C7A96 /* Build configuration list for PBXProject "Game Wallpapers" */;
			compatibilityVersion = "Xcode 14.0";
			developmentRegion = en;
			hasScannedForEncodings = 0;
			knownRegions = (
				en,
				Base,
			);
			mainGroup = FABE7B6B2D5CB2E3009C7A96;
			productRefGroup = FABE7B752D5CB2E3009C7A96 /* Products */;
			projectDirPath = "";
			projectRoot = "";
			targets = (
				FABE7B732D5CB2E3009C7A96 /* Game Wallpapers */,
			);
		};
/* End PBXProject section */

/* Begin PBXResourcesBuildPhase section */
		FABE7B722D5CB2E3009C7A96 /* Resources */ = {
			isa = PBXResourcesBuildPhase;
			buildActionMask = 2147483647;
			files = (
				FABE7B842D5CB2E7009C7A96 /* LaunchScreen.storyboard in Resources */,
				FABE7B812D5CB2E7009C7A96 /* Assets.xcassets in Resources */,
				FABE7B7F2D5CB2E3009C7A96 /* Main.storyboard in Resources */,
			);
			runOnlyForDeploymentPostprocessing = 0;
		};
/* End PBXResourcesBuildPhase section */

/* Begin PBXSourcesBuildPhase section */
		FABE7B702D5CB2E3009C7A96 /* Sources */ = {
			isa = PBXSourcesBuildPhase;
			buildActionMask = 2147483647;
			files = (
				FABE7B7C2D5CB2E3009C7A96 /* GalleryViewController.swift in Sources */,
				FABE7B782D5CB2E3009C7A96 /* AppDelegate.swift in Sources */,
				FA63C70D2D5E763800B84235 /* FullScreenImageViewController.swift in Sources */,
				FABD5FD92D5E213300BCEC74 /* PrivacyPolicyViewControlle.swift in Sources */,
				FABD5FDB2D5E32F600BCEC74 /* TermsConditionsViewController.swift in Sources */,
				FABE7B7A2D5CB2E3009C7A96 /* SceneDelegate.swift in Sources */,
				FABD5FD72D5E158000BCEC74 /* AboutViewController.swift in Sources */,
				FABD5FD52D5D0C1500BCEC74 /* GameCell.swift in Sources */,
			);
			runOnlyForDeploymentPostprocessing = 0;
		};
/* End PBXSourcesBuildPhase section */

/* Begin PBXVariantGroup section */
		FABE7B7D2D5CB2E3009C7A96 /* Main.storyboard */ = {
			isa = PBXVariantGroup;
			children = (
				FABE7B7E2D5CB2E3009C7A96 /* Base */,
			);
			name = Main.storyboard;
			sourceTree = "<group>";
		};
		FABE7B822D5CB2E7009C7A96 /* LaunchScreen.storyboard */ = {
			isa = PBXVariantGroup;
			children = (
				FABE7B832D5CB2E7009C7A96 /* Base */,
			);
			name = LaunchScreen.storyboard;
			sourceTree = "<group>";
		};
/* End PBXVariantGroup section */

/* Begin XCBuildConfiguration section */
		FABE7B862D5CB2E7009C7A96 /* Debug */ = {
			isa = XCBuildConfiguration;
			buildSettings = {
				ALWAYS_SEARCH_USER_PATHS = NO;
				ASSETCATALOG_COMPILER_GENERATE_SWIFT_ASSET_SYMBOL_EXTENSIONS = YES;
				CLANG_ANALYZER_NONNULL = YES;
				CLANG_ANALYZER_NUMBER_OBJECT_CONVERSION = YES_AGGRESSIVE;
				CLANG_CXX_LANGUAGE_STANDARD = "gnu++20";
				CLANG_ENABLE_MODULES = YES;
				CLANG_ENABLE_OBJC_ARC = YES;
				CLANG_ENABLE_OBJC_WEAK = YES;
				CLANG_WARN_BLOCK_CAPTURE_AUTORELEASING = YES;
				CLANG_WARN_BOOL_CONVERSION = YES;
				CLANG_WARN_COMMA = YES;
				CLANG_WARN_CONSTANT_CONVERSION = YES;
				CLANG_WARN_DEPRECATED_OBJC_IMPLEMENTATIONS = YES;
				CLANG_WARN_DIRECT_OBJC_ISA_USAGE = YES_ERROR;
				CLANG_WARN_DOCUMENTATION_COMMENTS = YES;
				CLANG_WARN_EMPTY_BODY = YES;
				CLANG_WARN_ENUM_CONVERSION = YES;
				CLANG_WARN_INFINITE_RECURSION = YES;
				CLANG_WARN_INT_CONVERSION = YES;
				CLANG_WARN_NON_LITERAL_NULL_CONVERSION = YES;
				CLANG_WARN_OBJC_IMPLICIT_RETAIN_SELF = YES;
				CLANG_WARN_OBJC_LITERAL_CONVERSION = YES;
				CLANG_WARN_OBJC_ROOT_CLASS = YES_ERROR;
				CLANG_WARN_QUOTED_INCLUDE_IN_FRAMEWORK_HEADER = YES;
				CLANG_WARN_RANGE_LOOP_ANALYSIS = YES;
				CLANG_WARN_STRICT_PROTOTYPES = YES;
				CLANG_WARN_SUSPICIOUS_MOVE = YES;
				CLANG_WARN_UNGUARDED_AVAILABILITY = YES_AGGRESSIVE;
				CLANG_WARN_UNREACHABLE_CODE = YES;
				CLANG_WARN__DUPLICATE_METHOD_MATCH = YES;
				COPY_PHASE_STRIP = NO;
				DEBUG_INFORMATION_FORMAT = dwarf;
				ENABLE_STRICT_OBJC_MSGSEND = YES;
				ENABLE_TESTABILITY = YES;
				ENABLE_USER_SCRIPT_SANDBOXING = YES;
				GCC_C_LANGUAGE_STANDARD = gnu17;
				GCC_DYNAMIC_NO_PIC = NO;
				GCC_NO_COMMON_BLOCKS = YES;
				GCC_OPTIMIZATION_LEVEL = 0;
				GCC_PREPROCESSOR_DEFINITIONS = (
					"DEBUG=1",
					"$(inherited)",
				);
				GCC_WARN_64_TO_32_BIT_CONVERSION = YES;
				GCC_WARN_ABOUT_RETURN_TYPE = YES_ERROR;
				GCC_WARN_UNDECLARED_SELECTOR = YES;
				GCC_WARN_UNINITIALIZED_AUTOS = YES_AGGRESSIVE;
				GCC_WARN_UNUSED_FUNCTION = YES;
				GCC_WARN_UNUSED_VARIABLE = YES;
				IPHONEOS_DEPLOYMENT_TARGET = 17.2;
				LOCALIZATION_PREFERS_STRING_CATALOGS = YES;
				MTL_ENABLE_DEBUG_INFO = INCLUDE_SOURCE;
				MTL_FAST_MATH = YES;
				ONLY_ACTIVE_ARCH = YES;
				SDKROOT = iphoneos;
				SWIFT_ACTIVE_COMPILATION_CONDITIONS = "DEBUG $(inherited)";
				SWIFT_OPTIMIZATION_LEVEL = "-Onone";
			};
			name = Debug;
		};
		FABE7B872D5CB2E7009C7A96 /* Release */ = {
			isa = XCBuildConfiguration;
			buildSettings = {
				ALWAYS_SEARCH_USER_PATHS = NO;
				ASSETCATALOG_COMPILER_GENERATE_SWIFT_ASSET_SYMBOL_EXTENSIONS = YES;
				CLANG_ANALYZER_NONNULL = YES;
				CLANG_ANALYZER_NUMBER_OBJECT_CONVERSION = YES_AGGRESSIVE;
				CLANG_CXX_LANGUAGE_STANDARD = "gnu++20";
				CLANG_ENABLE_MODULES = YES;
				CLANG_ENABLE_OBJC_ARC = YES;
				CLANG_ENABLE_OBJC_WEAK = YES;
				CLANG_WARN_BLOCK_CAPTURE_AUTORELEASING = YES;
				CLANG_WARN_BOOL_CONVERSION = YES;
				CLANG_WARN_COMMA = YES;
				CLANG_WARN_CONSTANT_CONVERSION = YES;
				CLANG_WARN_DEPRECATED_OBJC_IMPLEMENTATIONS = YES;
				CLANG_WARN_DIRECT_OBJC_ISA_USAGE = YES_ERROR;
				CLANG_WARN_DOCUMENTATION_COMMENTS = YES;
				CLANG_WARN_EMPTY_BODY = YES;
				CLANG_WARN_ENUM_CONVERSION = YES;
				CLANG_WARN_INFINITE_RECURSION = YES;
				CLANG_WARN_INT_CONVERSION = YES;
				CLANG_WARN_NON_LITERAL_NULL_CONVERSION = YES;
				CLANG_WARN_OBJC_IMPLICIT_RETAIN_SELF = YES;
				CLANG_WARN_OBJC_LITERAL_CONVERSION = YES;
				CLANG_WARN_OBJC_ROOT_CLASS = YES_ERROR;
				CLANG_WARN_QUOTED_INCLUDE_IN_FRAMEWORK_HEADER = YES;
				CLANG_WARN_RANGE_LOOP_ANALYSIS = YES;
				CLANG_WARN_STRICT_PROTOTYPES = YES;
				CLANG_WARN_SUSPICIOUS_MOVE = YES;
				CLANG_WARN_UNGUARDED_AVAILABILITY = YES_AGGRESSIVE;
				CLANG_WARN_UNREACHABLE_CODE = YES;
				CLANG_WARN__DUPLICATE_METHOD_MATCH = YES;
				COPY_PHASE_STRIP = NO;
				DEBUG_INFORMATION_FORMAT = "dwarf-with-dsym";
				ENABLE_NS_ASSERTIONS = NO;
				ENABLE_STRICT_OBJC_MSGSEND = YES;
				ENABLE_USER_SCRIPT_SANDBOXING = YES;
				GCC_C_LANGUAGE_STANDARD = gnu17;
				GCC_NO_COMMON_BLOCKS = YES;
				GCC_WARN_64_TO_32_BIT_CONVERSION = YES;
				GCC_WARN_ABOUT_RETURN_TYPE = YES_ERROR;
				GCC_WARN_UNDECLARED_SELECTOR = YES;
				GCC_WARN_UNINITIALIZED_AUTOS = YES_AGGRESSIVE;
				GCC_WARN_UNUSED_FUNCTION = YES;
				GCC_WARN_UNUSED_VARIABLE = YES;
				IPHONEOS_DEPLOYMENT_TARGET = 17.2;
				LOCALIZATION_PREFERS_STRING_CATALOGS = YES;
				MTL_ENABLE_DEBUG_INFO = NO;
				MTL_FAST_MATH = YES;
				SDKROOT = iphoneos;
				SWIFT_COMPILATION_MODE = wholemodule;
				VALIDATE_PRODUCT = YES;
			};
			name = Release;
		};
		FABE7B892D5CB2E7009C7A96 /* Debug */ = {
			isa = XCBuildConfiguration;
			buildSettings = {
				ASSETCATALOG_COMPILER_APPICON_NAME = AppIcon;
				ASSETCATALOG_COMPILER_GLOBAL_ACCENT_COLOR_NAME = AccentColor;
				CODE_SIGN_STYLE = Automatic;
				CURRENT_PROJECT_VERSION = 1;
				DEVELOPMENT_TEAM = 93U7FRJ2TJ;
				GENERATE_INFOPLIST_FILE = YES;
				INFOPLIST_FILE = "Game Wallpapers/Info.plist";
				INFOPLIST_KEY_NSPhotoLibraryAddUsageDescription = "Приложение запрашивает разрешение на сохранение этого изображения в фотоальбом.";
				INFOPLIST_KEY_UIApplicationSupportsIndirectInputEvents = YES;
				INFOPLIST_KEY_UILaunchStoryboardName = LaunchScreen;
				INFOPLIST_KEY_UIMainStoryboardFile = Main;
				INFOPLIST_KEY_UISupportedInterfaceOrientations = UIInterfaceOrientationPortrait;
				INFOPLIST_KEY_UISupportedInterfaceOrientations_iPad = "UIInterfaceOrientationLandscapeLeft UIInterfaceOrientationLandscapeRight UIInterfaceOrientationPortrait UIInterfaceOrientationPortraitUpsideDown";
				LD_RUNPATH_SEARCH_PATHS = (
					"$(inherited)",
					"@executable_path/Frameworks",
				);
				MARKETING_VERSION = 1.0;
				PRODUCT_BUNDLE_IDENTIFIER = "-.Game-Wallpapers";
				PRODUCT_NAME = "$(TARGET_NAME)";
				SWIFT_EMIT_LOC_STRINGS = YES;
				SWIFT_VERSION = 5.0;
				TARGETED_DEVICE_FAMILY = "1,2";
			};
			name = Debug;
		};
		FABE7B8A2D5CB2E7009C7A96 /* Release */ = {
			isa = XCBuildConfiguration;
			buildSettings = {
				ASSETCATALOG_COMPILER_APPICON_NAME = AppIcon;
				ASSETCATALOG_COMPILER_GLOBAL_ACCENT_COLOR_NAME = AccentColor;
				CODE_SIGN_STYLE = Automatic;
				CURRENT_PROJECT_VERSION = 1;
				DEVELOPMENT_TEAM = 93U7FRJ2TJ;
				GENERATE_INFOPLIST_FILE = YES;
				INFOPLIST_FILE = "Game Wallpapers/Info.plist";
				INFOPLIST_KEY_NSPhotoLibraryAddUsageDescription = "Приложение запрашивает разрешение на сохранение этого изображения в фотоальбом.";
				INFOPLIST_KEY_UIApplicationSupportsIndirectInputEvents = YES;
				INFOPLIST_KEY_UILaunchStoryboardName = LaunchScreen;
				INFOPLIST_KEY_UIMainStoryboardFile = Main;
				INFOPLIST_KEY_UISupportedInterfaceOrientations = UIInterfaceOrientationPortrait;
				INFOPLIST_KEY_UISupportedInterfaceOrientations_iPad = "UIInterfaceOrientationLandscapeLeft UIInterfaceOrientationLandscapeRight UIInterfaceOrientationPortrait UIInterfaceOrientationPortraitUpsideDown";
				LD_RUNPATH_SEARCH_PATHS = (
					"$(inherited)",
					"@executable_path/Frameworks",
				);
				MARKETING_VERSION = 1.0;
				PRODUCT_BUNDLE_IDENTIFIER = "-.Game-Wallpapers";
				PRODUCT_NAME = "$(TARGET_NAME)";
				SWIFT_EMIT_LOC_STRINGS = YES;
				SWIFT_VERSION = 5.0;
				TARGETED_DEVICE_FAMILY = "1,2";
			};
			name = Release;
		};
/* End XCBuildConfiguration section */

/* Begin XCConfigurationList section */
		FABE7B6F2D5CB2E3009C7A96 /* Build configuration list for PBXProject "Game Wallpapers" */ = {
			isa = XCConfigurationList;
			buildConfigurations = (
				FABE7B862D5CB2E7009C7A96 /* Debug */,
				FABE7B872D5CB2E7009C7A96 /* Release */,
			);
			defaultConfigurationIsVisible = 0;
			defaultConfigurationName = Release;
		};
		FABE7B882D5CB2E7009C7A96 /* Build configuration list for PBXNativeTarget "Game Wallpapers" */ = {
			isa = XCConfigurationList;
			buildConfigurations = (
				FABE7B892D5CB2E7009C7A96 /* Debug */,
				FABE7B8A2D5CB2E7009C7A96 /* Release */,
			);
			defaultConfigurationIsVisible = 0;
			defaultConfigurationName = Release;
		};
/* End XCConfigurationList section */
	};
	rootObject = FABE7B6C2D5CB2E3009C7A96 /* Project object */;
}
